// !$*UTF8*$!
{
	archiveVersion = 1;
	classes = {
	};
	objectVersion = 46;
	objects = {

/* Begin PBXBuildFile section */
		49DBFDC11C47CAEF00350E10 /* AppDelegate.swift in Sources */ = {isa = PBXBuildFile; fileRef = 49DBFDC01C47CAEF00350E10 /* AppDelegate.swift */; };
		49DBFDC31C47CAEF00350E10 /* ViewController.swift in Sources */ = {isa = PBXBuildFile; fileRef = 49DBFDC21C47CAEF00350E10 /* ViewController.swift */; };
		49DBFDC61C47CAEF00350E10 /* Main.storyboard in Resources */ = {isa = PBXBuildFile; fileRef = 49DBFDC41C47CAEF00350E10 /* Main.storyboard */; };
		49DBFDC81C47CAEF00350E10 /* Assets.xcassets in Resources */ = {isa = PBXBuildFile; fileRef = 49DBFDC71C47CAEF00350E10 /* Assets.xcassets */; };
		49DBFDCB1C47CAEF00350E10 /* LaunchScreen.storyboard in Resources */ = {isa = PBXBuildFile; fileRef = 49DBFDC91C47CAEF00350E10 /* LaunchScreen.storyboard */; };
/* End PBXBuildFile section */

/* Begin PBXFileReference section */
		49DBFDBD1C47CAEF00350E10 /* Complements.app */ = {isa = PBXFileReference; explicitFileType = wrapper.application; includeInIndex = 0; path = Complements.app; sourceTree = BUILT_PRODUCTS_DIR; };
		49DBFDC01C47CAEF00350E10 /* AppDelegate.swift */ = {isa = PBXFileReference; lastKnownFileType = sourcecode.swift; path = AppDelegate.swift; sourceTree = "<group>"; };
		49DBFDC21C47CAEF00350E10 /* ViewController.swift */ = {isa = PBXFileReference; lastKnownFileType = sourcecode.swift; path = ViewController.swift; sourceTree = "<group>"; };
		49DBFDC51C47CAEF00350E10 /* Base */ = {isa = PBXFileReference; lastKnownFileType = file.storyboard; name = Base; path = Base.lproj/Main.storyboard; sourceTree = "<group>"; };
		49DBFDC71C47CAEF00350E10 /* Assets.xcassets */ = {isa = PBXFileReference; lastKnownFileType = folder.assetcatalog; path = Assets.xcassets; sourceTree = "<group>"; };
		49DBFDCA1C47CAEF00350E10 /* Base */ = {isa = PBXFileReference; lastKnownFileType = file.storyboard; name = Base; path = Base.lproj/LaunchScreen.storyboard; sourceTree = "<group>"; };
		49DBFDCC1C47CAEF00350E10 /* Info.plist */ = {isa = PBXFileReference; lastKnownFileType = text.plist.xml; path = Info.plist; sourceTree = "<group>"; };
/* End PBXFileReference section */

/* Begin PBXFrameworksBuildPhase section */
		49DBFDBA1C47CAEF00350E10 /* Frameworks */ = {
			isa = PBXFrameworksBuildPhase;
			buildActionMask = 2147483647;
			files = (
			);
			runOnlyForDeploymentPostprocessing = 0;
		};
/* End PBXFrameworksBuildPhase section */

/* Begin PBXGroup section */
		49DBFDB41C47CAEF00350E10 = {
			isa = PBXGroup;
			children = (
				49DBFDBF1C47CAEF00350E10 /* Complementary */,
				49DBFDBE1C47CAEF00350E10 /* Products */,
			);
			sourceTree = "<group>";
		};
		49DBFDBE1C47CAEF00350E10 /* Products */ = {
			isa = PBXGroup;
			children = (
				49DBFDBD1C47CAEF00350E10 /* Complements.app */,
			);
			name = Products;
			sourceTree = "<group>";
		};
		49DBFDBF1C47CAEF00350E10 /* Complementary */ = {
			isa = PBXGroup;
			children = (
				49DBFDC01C47CAEF00350E10 /* AppDelegate.swift */,
				49DBFDC21C47CAEF00350E10 /* ViewController.swift */,
				49DBFDC41C47CAEF00350E10 /* Main.storyboard */,
				49DBFDC71C47CAEF00350E10 /* Assets.xcassets */,
				49DBFDC91C47CAEF00350E10 /* LaunchScreen.storyboard */,
				49DBFDCC1C47CAEF00350E10 /* Info.plist */,
			);
			name = Complementary;
			path = Complementary;
			sourceTree = "<group>";
		};
/* End PBXGroup section */

/* Begin PBXNativeTarget section */
		49DBFDBC1C47CAEF00350E10 /* Complements */ = {
			isa = PBXNativeTarget;
			buildConfigurationList = 49DBFDCF1C47CAEF00350E10 /* Build configuration list for PBXNativeTarget "Complements" */;
			buildPhases = (
				49DBFDB91C47CAEF00350E10 /* Sources */,
				49DBFDBA1C47CAEF00350E10 /* Frameworks */,
				49DBFDBB1C47CAEF00350E10 /* Resources */,
			);
			buildRules = (
			);
			dependencies = (
			);
			name = Complements;
			productName = Complementary;
			productReference = 49DBFDBD1C47CAEF00350E10 /* Complements.app */;
			productType = "com.apple.product-type.application";
		};
/* End PBXNativeTarget section */

/* Begin PBXProject section */
		49DBFDB51C47CAEF00350E10 /* Project object */ = {
			isa = PBXProject;
			attributes = {
				LastSwiftUpdateCheck = 0720;
				LastUpgradeCheck = 0720;
				ORGANIZATIONNAME = "Andrew Theken";
				TargetAttributes = {
					49DBFDBC1C47CAEF00350E10 = {
						CreatedOnToolsVersion = 7.2;
					};
				};
			};
			buildConfigurationList = 49DBFDB81C47CAEF00350E10 /* Build configuration list for PBXProject "Complementary" */;
			compatibilityVersion = "Xcode 3.2";
			developmentRegion = English;
			hasScannedForEncodings = 0;
			knownRegions = (
				en,
				Base,
			);
			mainGroup = 49DBFDB41C47CAEF00350E10;
			productRefGroup = 49DBFDBE1C47CAEF00350E10 /* Products */;
			projectDirPath = "";
			projectRoot = "";
			targets = (
				49DBFDBC1C47CAEF00350E10 /* Complements */,
			);
		};
/* End PBXProject section */

/* Begin PBXResourcesBuildPhase section */
		49DBFDBB1C47CAEF00350E10 /* Resources */ = {
			isa = PBXResourcesBuildPhase;
			buildActionMask = 2147483647;
			files = (
				49DBFDCB1C47CAEF00350E10 /* LaunchScreen.storyboard in Resources */,
				49DBFDC81C47CAEF00350E10 /* Assets.xcassets in Resources */,
				49DBFDC61C47CAEF00350E10 /* Main.storyboard in Resources */,
			);
			runOnlyForDeploymentPostprocessing = 0;
		};
/* End PBXResourcesBuildPhase section */

/* Begin PBXSourcesBuildPhase section */
		49DBFDB91C47CAEF00350E10 /* Sources */ = {
			isa = PBXSourcesBuildPhase;
			buildActionMask = 2147483647;
			files = (
				49DBFDC31C47CAEF00350E10 /* ViewController.swift in Sources */,
				49DBFDC11C47CAEF00350E10 /* AppDelegate.swift in Sources */,
			);
			runOnlyForDeploymentPostprocessing = 0;
		};
/* End PBXSourcesBuildPhase section */

/* Begin PBXVariantGroup section */
		49DBFDC41C47CAEF00350E10 /* Main.storyboard */ = {
			isa = PBXVariantGroup;
			children = (
				49DBFDC51C47CAEF00350E10 /* Base */,
			);
			name = Main.storyboard;
			sourceTree = "<group>";
		};
		49DBFDC91C47CAEF00350E10 /* LaunchScreen.storyboard */ = {
			isa = PBXVariantGroup;
			children = (
				49DBFDCA1C47CAEF00350E10 /* Base */,
			);
			name = LaunchScreen.storyboard;
			sourceTree = "<group>";
		};
/* End PBXVariantGroup section */

/* Begin XCBuildConfiguration section */
		49DBFDCD1C47CAEF00350E10 /* Debug */ = {
			isa = XCBuildConfiguration;
			buildSettings = {
				ALWAYS_SEARCH_USER_PATHS = NO;
				CLANG_CXX_LANGUAGE_STANDARD = "gnu++0x";
				CLANG_CXX_LIBRARY = "libc++";
				CLANG_ENABLE_MODULES = YES;
				CLANG_ENABLE_OBJC_ARC = YES;
				CLANG_WARN_BOOL_CONVERSION = YES;
				CLANG_WARN_CONSTANT_CONVERSION = YES;
				CLANG_WARN_DIRECT_OBJC_ISA_USAGE = YES_ERROR;
				CLANG_WARN_EMPTY_BODY = YES;
				CLANG_WARN_ENUM_CONVERSION = YES;
				CLANG_WARN_INT_CONVERSION = YES;
				CLANG_WARN_OBJC_ROOT_CLASS = YES_ERROR;
				CLANG_WARN_UNREACHABLE_CODE = YES;
				CLANG_WARN__DUPLICATE_METHOD_MATCH = YES;
				"CODE_SIGN_IDENTITY[sdk=iphoneos*]" = "iPhone Developer";
				COPY_PHASE_STRIP = NO;
				DEBUG_INFORMATION_FORMAT = dwarf;
				ENABLE_STRICT_OBJC_MSGSEND = YES;
				ENABLE_TESTABILITY = YES;
				GCC_C_LANGUAGE_STANDARD = gnu99;
				GCC_DYNAMIC_NO_PIC = NO;
				GCC_NO_COMMON_BLOCKS = YES;
				GCC_OPTIMIZATION_LEVEL = 0;
				GCC_PREPROCESSOR_DEFINITIONS = (
					"DEBUG=1",
					"$(inherited)",
				);
				GCC_WARN_64_TO_32_BIT_CONVERSION = YES;
				GCC_WARN_ABOUT_RETURN_TYPE = YES_ERROR;
				GCC_WARN_UNDECLARED_SELECTOR = YES;
				GCC_WARN_UNINITIALIZED_AUTOS = YES_AGGRESSIVE;
				GCC_WARN_UNUSED_FUNCTION = YES;
				GCC_WARN_UNUSED_VARIABLE = YES;
				IPHONEOS_DEPLOYMENT_TARGET = 9.2;
				MTL_ENABLE_DEBUG_INFO = YES;
				ONLY_ACTIVE_ARCH = YES;
				SDKROOT = iphoneos;
				SWIFT_OPTIMIZATION_LEVEL = "-Onone";
				TARGETED_DEVICE_FAMILY = "1,2";
			};
			name = Debug;
		};
		49DBFDCE1C47CAEF00350E10 /* Release */ = {
			isa = XCBuildConfiguration;
			buildSettings = {
				ALWAYS_SEARCH_USER_PATHS = NO;
				CLANG_CXX_LANGUAGE_STANDARD = "gnu++0x";
				CLANG_CXX_LIBRARY = "libc++";
				CLANG_ENABLE_MODULES = YES;
				CLANG_ENABLE_OBJC_ARC = YES;
				CLANG_WARN_BOOL_CONVERSION = YES;
				CLANG_WARN_CONSTANT_CONVERSION = YES;
				CLANG_WARN_DIRECT_OBJC_ISA_USAGE = YES_ERROR;
				CLANG_WARN_EMPTY_BODY = YES;
				CLANG_WARN_ENUM_CONVERSION = YES;
				CLANG_WARN_INT_CONVERSION = YES;
				CLANG_WARN_OBJC_ROOT_CLASS = YES_ERROR;
				CLANG_WARN_UNREACHABLE_CODE = YES;
				CLANG_WARN__DUPLICATE_METHOD_MATCH = YES;
				"CODE_SIGN_IDENTITY[sdk=iphoneos*]" = "iPhone Developer";
				COPY_PHASE_STRIP = NO;
				DEBUG_INFORMATION_FORMAT = "dwarf-with-dsym";
				ENABLE_NS_ASSERTIONS = NO;
				ENABLE_STRICT_OBJC_MSGSEND = YES;
				GCC_C_LANGUAGE_STANDARD = gnu99;
				GCC_NO_COMMON_BLOCKS = YES;
				GCC_WARN_64_TO_32_BIT_CONVERSION = YES;
				GCC_WARN_ABOUT_RETURN_TYPE = YES_ERROR;
				GCC_WARN_UNDECLARED_SELECTOR = YES;
				GCC_WARN_UNINITIALIZED_AUTOS = YES_AGGRESSIVE;
				GCC_WARN_UNUSED_FUNCTION = YES;
				GCC_WARN_UNUSED_VARIABLE = YES;
				IPHONEOS_DEPLOYMENT_TARGET = 9.2;
				MTL_ENABLE_DEBUG_INFO = NO;
				SDKROOT = iphoneos;
				TARGETED_DEVICE_FAMILY = "1,2";
				VALIDATE_PRODUCT = YES;
			};
			name = Release;
		};
		49DBFDD01C47CAEF00350E10 /* Debug */ = {
			isa = XCBuildConfiguration;
			buildSettings = {
				ASSETCATALOG_COMPILER_APPICON_NAME = AppIcon;
				CODE_SIGN_IDENTITY = "iPhone Developer";
				"CODE_SIGN_IDENTITY[sdk=iphoneos*]" = "iPhone Developer";
				INFOPLIST_FILE = Complementary/Info.plist;
				LD_RUNPATH_SEARCH_PATHS = "$(inherited) @executable_path/Frameworks";
				PRODUCT_BUNDLE_IDENTIFIER = com.andrewtheken.Complements;
				PRODUCT_NAME = "$(TARGET_NAME)";
				PROVISIONING_PROFILE = "";
				TARGETED_DEVICE_FAMILY = "1,2";
			};
			name = Debug;
		};
		49DBFDD11C47CAEF00350E10 /* Release */ = {
			isa = XCBuildConfiguration;
			buildSettings = {
				ASSETCATALOG_COMPILER_APPICON_NAME = AppIcon;
				CODE_SIGN_IDENTITY = "iPhone Developer";
				"CODE_SIGN_IDENTITY[sdk=iphoneos*]" = "iPhone Developer";
				INFOPLIST_FILE = Complementary/Info.plist;
				LD_RUNPATH_SEARCH_PATHS = "$(inherited) @executable_path/Frameworks";
				PRODUCT_BUNDLE_IDENTIFIER = com.andrewtheken.Complements;
				PRODUCT_NAME = "$(TARGET_NAME)";
				PROVISIONING_PROFILE = "";
				TARGETED_DEVICE_FAMILY = "1,2";
			};
			name = Release;
		};
/* End XCBuildConfiguration section */

/* Begin XCConfigurationList section */
		49DBFDB81C47CAEF00350E10 /* Build configuration list for PBXProject "Complementary" */ = {
			isa = XCConfigurationList;
			buildConfigurations = (
				49DBFDCD1C47CAEF00350E10 /* Debug */,
				49DBFDCE1C47CAEF00350E10 /* Release */,
			);
			defaultConfigurationIsVisible = 0;
			defaultConfigurationName = Release;
		};
		49DBFDCF1C47CAEF00350E10 /* Build configuration list for PBXNativeTarget "Complements" */ = {
			isa = XCConfigurationList;
			buildConfigurations = (
				49DBFDD01C47CAEF00350E10 /* Debug */,
				49DBFDD11C47CAEF00350E10 /* Release */,
			);
			defaultConfigurationIsVisible = 0;
			defaultConfigurationName = Release;
		};
/* End XCConfigurationList section */
	};
	rootObject = 49DBFDB51C47CAEF00350E10 /* Project object */;
}
